
Microsoft Visual Studio Solution File, Format Version 12.00
# Visual Studio 15
VisualStudioVersion = 15.0.28010.2026
MinimumVisualStudioVersion = 10.0.40219.1
Project("{FAE04EC0-301F-11D3-BF4B-00C04F79EFBC}") = "project1", "project1\project1.csproj", "{18C5CB0A-0DF0-4732-8457-280DF1705F2A}"
EndProject
Global
	GlobalSection(SolutionConfigurationPlatforms) = preSolution
		Debug|Any CPU = Debug|Any CPU
		Release|Any CPU = Release|Any CPU
	EndGlobalSection
	GlobalSection(ProjectConfigurationPlatforms) = postSolution
		{18C5CB0A-0DF0-4732-8457-280DF1705F2A}.Debug|Any CPU.ActiveCfg = Debug|Any CPU
		{18C5CB0A-0DF0-4732-8457-280DF1705F2A}.Debug|Any CPU.Build.0 = Debug|Any CPU
		{18C5CB0A-0DF0-4732-8457-280DF1705F2A}.Release|Any CPU.ActiveCfg = Release|Any CPU
		{18C5CB0A-0DF0-4732-8457-280DF1705F2A}.Release|Any CPU.Build.0 = Release|Any CPU
	EndGlobalSection
	GlobalSection(SolutionProperties) = preSolution
		HideSolutionNode = FALSE
	EndGlobalSection
	GlobalSection(ExtensibilityGlobals) = postSolution
		SolutionGuid = {4892D03A-E218-4C95-9EE7-7415B28E6072}
	EndGlobalSection
EndGlobal
